
Microsoft Visual Studio Solution File, Format Version 12.00
# Visual Studio Version 16
VisualStudioVersion = 16.0.30011.22
MinimumVisualStudioVersion = 10.0.40219.1
Project("{9A19103F-16F7-4668-BE54-9A1E7A4F7556}") = "Nycflights_Project", "Nycflights-Project\Nycflights_Project.csproj", "{8B4ECA7C-920B-4E61-9215-DF14932E3209}"
EndProject
Project("{9A19103F-16F7-4668-BE54-9A1E7A4F7556}") = "Nycflights-Project-Test", "Nycflights-Project-Test\Nycflights-Project-Test.csproj", "{4EBDD605-9C6A-4C7A-9F4E-AE3CEAE915E1}"
EndProject
Global
	GlobalSection(SolutionConfigurationPlatforms) = preSolution
		Debug|Any CPU = Debug|Any CPU
		Release|Any CPU = Release|Any CPU
	EndGlobalSection
	GlobalSection(ProjectConfigurationPlatforms) = postSolution
		{8B4ECA7C-920B-4E61-9215-DF14932E3209}.Debug|Any CPU.ActiveCfg = Debug|Any CPU
		{8B4ECA7C-920B-4E61-9215-DF14932E3209}.Debug|Any CPU.Build.0 = Debug|Any CPU
		{8B4ECA7C-920B-4E61-9215-DF14932E3209}.Release|Any CPU.ActiveCfg = Release|Any CPU
		{8B4ECA7C-920B-4E61-9215-DF14932E3209}.Release|Any CPU.Build.0 = Release|Any CPU
		{4EBDD605-9C6A-4C7A-9F4E-AE3CEAE915E1}.Debug|Any CPU.ActiveCfg = Debug|Any CPU
		{4EBDD605-9C6A-4C7A-9F4E-AE3CEAE915E1}.Debug|Any CPU.Build.0 = Debug|Any CPU
		{4EBDD605-9C6A-4C7A-9F4E-AE3CEAE915E1}.Release|Any CPU.ActiveCfg = Release|Any CPU
		{4EBDD605-9C6A-4C7A-9F4E-AE3CEAE915E1}.Release|Any CPU.Build.0 = Release|Any CPU
	EndGlobalSection
	GlobalSection(SolutionProperties) = preSolution
		HideSolutionNode = FALSE
	EndGlobalSection
	GlobalSection(ExtensibilityGlobals) = postSolution
		SolutionGuid = {3F0159C8-188C-41D1-A515-A914F4BAE702}
	EndGlobalSection
EndGlobal
