
Microsoft Visual Studio Solution File, Format Version 12.00
# Visual Studio Version 16
VisualStudioVersion = 16.0.30011.22
MinimumVisualStudioVersion = 10.0.40219.1
Project("{9A19103F-16F7-4668-BE54-9A1E7A4F7556}") = "Nycflights-Project", "Nycflights-Project\Nycflights-Project.csproj", "{8B4ECA7C-920B-4E61-9215-DF14932E3209}"
EndProject
Project("{FAE04EC0-301F-11D3-BF4B-00C04F79EFBC}") = "Nycflights-Project-Test", "Nycflights-Project-Test\Nycflights-Project-Test.csproj", "{37875B33-33E9-480A-B3AA-5361DC63778C}"
EndProject
Global
	GlobalSection(SolutionConfigurationPlatforms) = preSolution
		Debug|Any CPU = Debug|Any CPU
		Release|Any CPU = Release|Any CPU
	EndGlobalSection
	GlobalSection(ProjectConfigurationPlatforms) = postSolution
		{8B4ECA7C-920B-4E61-9215-DF14932E3209}.Debug|Any CPU.ActiveCfg = Debug|Any CPU
		{8B4ECA7C-920B-4E61-9215-DF14932E3209}.Debug|Any CPU.Build.0 = Debug|Any CPU
		{8B4ECA7C-920B-4E61-9215-DF14932E3209}.Release|Any CPU.ActiveCfg = Release|Any CPU
		{8B4ECA7C-920B-4E61-9215-DF14932E3209}.Release|Any CPU.Build.0 = Release|Any CPU
		{37875B33-33E9-480A-B3AA-5361DC63778C}.Debug|Any CPU.ActiveCfg = Debug|Any CPU
		{37875B33-33E9-480A-B3AA-5361DC63778C}.Debug|Any CPU.Build.0 = Debug|Any CPU
		{37875B33-33E9-480A-B3AA-5361DC63778C}.Release|Any CPU.ActiveCfg = Release|Any CPU
		{37875B33-33E9-480A-B3AA-5361DC63778C}.Release|Any CPU.Build.0 = Release|Any CPU
	EndGlobalSection
	GlobalSection(SolutionProperties) = preSolution
		HideSolutionNode = FALSE
	EndGlobalSection
	GlobalSection(ExtensibilityGlobals) = postSolution
		SolutionGuid = {3F0159C8-188C-41D1-A515-A914F4BAE702}
	EndGlobalSection
EndGlobal
